// !$*UTF8*$!
{
	archiveVersion = 1;
	classes = {
	};
	objectVersion = 46;
	objects = {

/* Begin PBXBuildFile section */
		0AB695D9EAAD0DDEA96C441A /* Pods_BravePlay.framework in Frameworks */ = {isa = PBXBuildFile; fileRef = DFFCD8F239B7853EC81053CB /* Pods_BravePlay.framework */; };
		823A80C21D5D6EEC00EE302A /* WebTableViewCell.swift in Sources */ = {isa = PBXBuildFile; fileRef = 823A80C11D5D6EEC00EE302A /* WebTableViewCell.swift */; };
		823A80C41D5D754000EE302A /* MoreDetailWebViewController.swift in Sources */ = {isa = PBXBuildFile; fileRef = 823A80C31D5D754000EE302A /* MoreDetailWebViewController.swift */; };
		8241CE721D51827200240803 /* DealError.swift in Sources */ = {isa = PBXBuildFile; fileRef = 8241CE711D51827200240803 /* DealError.swift */; };
		8241CE761D5195A800240803 /* MoyaPares.swift in Sources */ = {isa = PBXBuildFile; fileRef = 8241CE751D5195A800240803 /* MoyaPares.swift */; };
		8241CE781D51B05A00240803 /* HeadDetailAcCostomHeadView.swift in Sources */ = {isa = PBXBuildFile; fileRef = 8241CE771D51B05A00240803 /* HeadDetailAcCostomHeadView.swift */; };
		8241CE7E1D51BFDB00240803 /* HeadDetailAcCustomView.swift in Sources */ = {isa = PBXBuildFile; fileRef = 8241CE7D1D51BFDB00240803 /* HeadDetailAcCustomView.swift */; };
		824E71C81D5421480067351D /* CustomButtonTableViewCell.swift in Sources */ = {isa = PBXBuildFile; fileRef = 824E71C61D5421480067351D /* CustomButtonTableViewCell.swift */; };
		824E71C91D5421480067351D /* CustomButtonTableViewCell.xib in Resources */ = {isa = PBXBuildFile; fileRef = 824E71C71D5421480067351D /* CustomButtonTableViewCell.xib */; };
		824E71CF1D5425910067351D /* ShareViewController.swift in Sources */ = {isa = PBXBuildFile; fileRef = 824E71CD1D5425910067351D /* ShareViewController.swift */; };
		824E71D01D5425910067351D /* ShareViewController.xib in Resources */ = {isa = PBXBuildFile; fileRef = 824E71CE1D5425910067351D /* ShareViewController.xib */; };
		824E71D21D5436640067351D /* ShareView.swift in Sources */ = {isa = PBXBuildFile; fileRef = 824E71D11D5436640067351D /* ShareView.swift */; };
		824E71D41D544C780067351D /* BuyTicketView.swift in Sources */ = {isa = PBXBuildFile; fileRef = 824E71D31D544C780067351D /* BuyTicketView.swift */; };
		824E71D91D544E3B0067351D /* ButTicketViewTableViewCell.swift in Sources */ = {isa = PBXBuildFile; fileRef = 824E71D71D544E3B0067351D /* ButTicketViewTableViewCell.swift */; };
		824E71DA1D544E3B0067351D /* ButTicketViewTableViewCell.xib in Resources */ = {isa = PBXBuildFile; fileRef = 824E71D81D544E3B0067351D /* ButTicketViewTableViewCell.xib */; };
		824E71DD1D548AEA0067351D /* OrderDetailViewController.swift in Sources */ = {isa = PBXBuildFile; fileRef = 824E71DC1D548AEA0067351D /* OrderDetailViewController.swift */; };
		82553AA31D52D82E005150C8 /* HeadViewAcModel.swift in Sources */ = {isa = PBXBuildFile; fileRef = 82553AA21D52D82E005150C8 /* HeadViewAcModel.swift */; };
		82553AA51D52FBA1005150C8 /* MainVcConnectConfig.swift in Sources */ = {isa = PBXBuildFile; fileRef = 82553AA41D52FBA1005150C8 /* MainVcConnectConfig.swift */; };
		82553AAB1D531418005150C8 /* MainVcNetWork.swift in Sources */ = {isa = PBXBuildFile; fileRef = 82553AAA1D531418005150C8 /* MainVcNetWork.swift */; };
		82553AAD1D531683005150C8 /* MainVcPresentData.swift in Sources */ = {isa = PBXBuildFile; fileRef = 82553AAC1D531683005150C8 /* MainVcPresentData.swift */; };
		8263A46A1D4ED2F400298D96 /* BraveActiveTableViewCell.swift in Sources */ = {isa = PBXBuildFile; fileRef = 8263A4681D4ED2F400298D96 /* BraveActiveTableViewCell.swift */; };
		8263A46B1D4ED2F400298D96 /* BraveActiveTableViewCell.xib in Resources */ = {isa = PBXBuildFile; fileRef = 8263A4691D4ED2F400298D96 /* BraveActiveTableViewCell.xib */; };
		8263A46E1D4EE6DC00298D96 /* BraveTVUITableViewCell.swift in Sources */ = {isa = PBXBuildFile; fileRef = 8263A46C1D4EE6DC00298D96 /* BraveTVUITableViewCell.swift */; };
		8263A46F1D4EE6DC00298D96 /* BraveTVUITableViewCell.xib in Resources */ = {isa = PBXBuildFile; fileRef = 8263A46D1D4EE6DC00298D96 /* BraveTVUITableViewCell.xib */; };
		8263A4781D4EF26600298D96 /* CustomTableViewCell.swift in Sources */ = {isa = PBXBuildFile; fileRef = 8263A4761D4EF26600298D96 /* CustomTableViewCell.swift */; };
		8263A4791D4EF26600298D96 /* CustomTableViewCell.xib in Resources */ = {isa = PBXBuildFile; fileRef = 8263A4771D4EF26600298D96 /* CustomTableViewCell.xib */; };
		8263A47C1D4EFA1200298D96 /* HeadViewDetailViewController.swift in Sources */ = {isa = PBXBuildFile; fileRef = 8263A47B1D4EFA1200298D96 /* HeadViewDetailViewController.swift */; };
		8263A47E1D4F385400298D96 /* HeadViewDetailForVideoViewController.swift in Sources */ = {isa = PBXBuildFile; fileRef = 8263A47D1D4F385400298D96 /* HeadViewDetailForVideoViewController.swift */; };
		8263A4821D4F500B00298D96 /* MainSectionMoya.swift in Sources */ = {isa = PBXBuildFile; fileRef = 8263A4811D4F500B00298D96 /* MainSectionMoya.swift */; };
		8263A4841D4F542500298D96 /* MainSectionModel.swift in Sources */ = {isa = PBXBuildFile; fileRef = 8263A4831D4F542500298D96 /* MainSectionModel.swift */; };
		8268607E1D595A7B0099670A /* OrderDetailCellTitleTableViewCell.swift in Sources */ = {isa = PBXBuildFile; fileRef = 8268607C1D595A7B0099670A /* OrderDetailCellTitleTableViewCell.swift */; };
		8268607F1D595A7B0099670A /* OrderDetailCellTitleTableViewCell.xib in Resources */ = {isa = PBXBuildFile; fileRef = 8268607D1D595A7B0099670A /* OrderDetailCellTitleTableViewCell.xib */; };
		826860821D595E1A0099670A /* OrderDetailContactTableViewCell.swift in Sources */ = {isa = PBXBuildFile; fileRef = 826860801D595E1A0099670A /* OrderDetailContactTableViewCell.swift */; };
		826860831D595E1A0099670A /* OrderDetailContactTableViewCell.xib in Resources */ = {isa = PBXBuildFile; fileRef = 826860811D595E1A0099670A /* OrderDetailContactTableViewCell.xib */; };
		826860861D5960340099670A /* OrderDetailPayWaysTableViewCell.swift in Sources */ = {isa = PBXBuildFile; fileRef = 826860841D5960340099670A /* OrderDetailPayWaysTableViewCell.swift */; };
		826860871D5960340099670A /* OrderDetailPayWaysTableViewCell.xib in Resources */ = {isa = PBXBuildFile; fileRef = 826860851D5960340099670A /* OrderDetailPayWaysTableViewCell.xib */; };
		826860891D5962FE0099670A /* numberOfTicketsView.swift in Sources */ = {isa = PBXBuildFile; fileRef = 826860881D5962FE0099670A /* numberOfTicketsView.swift */; };
		8268608C1D5969360099670A /* OrderDetailTicketNumberTableViewCell.swift in Sources */ = {isa = PBXBuildFile; fileRef = 8268608A1D5969360099670A /* OrderDetailTicketNumberTableViewCell.swift */; };
		8268608D1D5969360099670A /* OrderDetailTicketNumberTableViewCell.xib in Resources */ = {isa = PBXBuildFile; fileRef = 8268608B1D5969360099670A /* OrderDetailTicketNumberTableViewCell.xib */; };
		826860901D597CBB0099670A /* OrderDetailTableViewCell.swift in Sources */ = {isa = PBXBuildFile; fileRef = 8268608E1D597CBB0099670A /* OrderDetailTableViewCell.swift */; };
		826860911D597CBB0099670A /* OrderDetailTableViewCell.xib in Resources */ = {isa = PBXBuildFile; fileRef = 8268608F1D597CBB0099670A /* OrderDetailTableViewCell.xib */; };
		826860961D59ADB00099670A /* MapVCViewController.swift in Sources */ = {isa = PBXBuildFile; fileRef = 826860951D59ADB00099670A /* MapVCViewController.swift */; };
		8268609A1D59B63B0099670A /* MoreConsultViewController.swift in Sources */ = {isa = PBXBuildFile; fileRef = 826860991D59B63B0099670A /* MoreConsultViewController.swift */; };
		8268609C1D59B6580099670A /* MoreDetailViewController.swift in Sources */ = {isa = PBXBuildFile; fileRef = 8268609B1D59B6580099670A /* MoreDetailViewController.swift */; };
		8268609F1D59BF920099670A /* MoreDetailTitleTableViewCell.swift in Sources */ = {isa = PBXBuildFile; fileRef = 8268609D1D59BF920099670A /* MoreDetailTitleTableViewCell.swift */; };
		826860A01D59BF920099670A /* MoreDetailTitleTableViewCell.xib in Resources */ = {isa = PBXBuildFile; fileRef = 8268609E1D59BF920099670A /* MoreDetailTitleTableViewCell.xib */; };
		826860A41D59CE460099670A /* DetailForTvCustomHeadView.swift in Sources */ = {isa = PBXBuildFile; fileRef = 826860A31D59CE460099670A /* DetailForTvCustomHeadView.swift */; };
		826860A71D59D8070099670A /* DetailForTvRecommendTableViewCell.swift in Sources */ = {isa = PBXBuildFile; fileRef = 826860A51D59D8070099670A /* DetailForTvRecommendTableViewCell.swift */; };
		826860A81D59D8070099670A /* DetailForTvRecommendTableViewCell.xib in Resources */ = {isa = PBXBuildFile; fileRef = 826860A61D59D8070099670A /* DetailForTvRecommendTableViewCell.xib */; };
		826860AB1D59DBD00099670A /* DetailForTvCommentTableViewCell.swift in Sources */ = {isa = PBXBuildFile; fileRef = 826860A91D59DBD00099670A /* DetailForTvCommentTableViewCell.swift */; };
		826860AC1D59DBD00099670A /* DetailForTvCommentTableViewCell.xib in Resources */ = {isa = PBXBuildFile; fileRef = 826860AA1D59DBD00099670A /* DetailForTvCommentTableViewCell.xib */; };
		826860AF1D59E02C0099670A /* relatedRecommendTableViewCell.swift in Sources */ = {isa = PBXBuildFile; fileRef = 826860AD1D59E02C0099670A /* relatedRecommendTableViewCell.swift */; };
		826860B01D59E02C0099670A /* relatedRecommendTableViewCell.xib in Resources */ = {isa = PBXBuildFile; fileRef = 826860AE1D59E02C0099670A /* relatedRecommendTableViewCell.xib */; };
		826D691B1D4AF41700A1187D /* AppDelegate.swift in Sources */ = {isa = PBXBuildFile; fileRef = 826D691A1D4AF41700A1187D /* AppDelegate.swift */; };
		826D691D1D4AF41700A1187D /* ViewController.swift in Sources */ = {isa = PBXBuildFile; fileRef = 826D691C1D4AF41700A1187D /* ViewController.swift */; };
		826D69201D4AF41700A1187D /* Main.storyboard in Resources */ = {isa = PBXBuildFile; fileRef = 826D691E1D4AF41700A1187D /* Main.storyboard */; };
		826D69231D4AF41700A1187D /* BravePlay.xcdatamodeld in Sources */ = {isa = PBXBuildFile; fileRef = 826D69211D4AF41700A1187D /* BravePlay.xcdatamodeld */; };
		826D69251D4AF41700A1187D /* Assets.xcassets in Resources */ = {isa = PBXBuildFile; fileRef = 826D69241D4AF41700A1187D /* Assets.xcassets */; };
		826D69281D4AF41700A1187D /* LaunchScreen.storyboard in Resources */ = {isa = PBXBuildFile; fileRef = 826D69261D4AF41700A1187D /* LaunchScreen.storyboard */; };
		826D69331D4AF41700A1187D /* BravePlayTests.swift in Sources */ = {isa = PBXBuildFile; fileRef = 826D69321D4AF41700A1187D /* BravePlayTests.swift */; };
		826D693E1D4AF41700A1187D /* BravePlayUITests.swift in Sources */ = {isa = PBXBuildFile; fileRef = 826D693D1D4AF41700A1187D /* BravePlayUITests.swift */; };
		826D694D1D4AF4CA00A1187D /* MainPageViewController.swift in Sources */ = {isa = PBXBuildFile; fileRef = 826D694C1D4AF4CA00A1187D /* MainPageViewController.swift */; };
		826D69521D4AF9FC00A1187D /* InterestingTableViewCell.swift in Sources */ = {isa = PBXBuildFile; fileRef = 826D69501D4AF9FC00A1187D /* InterestingTableViewCell.swift */; };
		826D69531D4AF9FC00A1187D /* InterestingTableViewCell.xib in Resources */ = {isa = PBXBuildFile; fileRef = 826D69511D4AF9FC00A1187D /* InterestingTableViewCell.xib */; };
		826D69561D4B14AB00A1187D /* SeciontTitleTableViewCell.swift in Sources */ = {isa = PBXBuildFile; fileRef = 826D69541D4B14AB00A1187D /* SeciontTitleTableViewCell.swift */; };
		826D69571D4B14AB00A1187D /* SeciontTitleTableViewCell.xib in Resources */ = {isa = PBXBuildFile; fileRef = 826D69551D4B14AB00A1187D /* SeciontTitleTableViewCell.xib */; };
		826D695C1D4B238400A1187D /* CustomHeadView.swift in Sources */ = {isa = PBXBuildFile; fileRef = 826D695B1D4B238400A1187D /* CustomHeadView.swift */; };
		826D695F1D4B266B00A1187D /* CustomCellCollectionViewCell.swift in Sources */ = {isa = PBXBuildFile; fileRef = 826D695D1D4B266B00A1187D /* CustomCellCollectionViewCell.swift */; };
		826D69601D4B266B00A1187D /* CustomCellCollectionViewCell.xib in Resources */ = {isa = PBXBuildFile; fileRef = 826D695E1D4B266B00A1187D /* CustomCellCollectionViewCell.xib */; };
		8272344C1D5355C4000D466F /* Reveal.framework in Frameworks */ = {isa = PBXBuildFile; fileRef = 8272344B1D5355C4000D466F /* Reveal.framework */; };
		8273F8C51D5C6DF00053D3A4 /* Subtitles.swift in Sources */ = {isa = PBXBuildFile; fileRef = 8273F8C41D5C6DF00053D3A4 /* Subtitles.swift */; };
		8273F8C71D5C83D60053D3A4 /* BottomView.swift in Sources */ = {isa = PBXBuildFile; fileRef = 8273F8C61D5C83D60053D3A4 /* BottomView.swift */; };
		82B044191D5DADBB0020F547 /* CustomTitleView.swift in Sources */ = {isa = PBXBuildFile; fileRef = 82B044181D5DADBB0020F547 /* CustomTitleView.swift */; };
		82B0441C1D5DD1D40020F547 /* UserVCModel.swift in Sources */ = {isa = PBXBuildFile; fileRef = 82B0441B1D5DD1D40020F547 /* UserVCModel.swift */; };
		82B0441E1D5DD67C0020F547 /* UserVcViewController.swift in Sources */ = {isa = PBXBuildFile; fileRef = 82B0441D1D5DD67C0020F547 /* UserVcViewController.swift */; };
		82B044201D5DD6FB0020F547 /* UserVcHeadView.swift in Sources */ = {isa = PBXBuildFile; fileRef = 82B0441F1D5DD6FB0020F547 /* UserVcHeadView.swift */; };
		82B52A8D1D5B353800E5FEAF /* PlayTv.swift in Sources */ = {isa = PBXBuildFile; fileRef = 82B52A8C1D5B353800E5FEAF /* PlayTv.swift */; };
		82FAE7B01D50597B006505DB /* ExtensionUIControl.swift in Sources */ = {isa = PBXBuildFile; fileRef = 82FAE7AF1D50597B006505DB /* ExtensionUIControl.swift */; };
		82FAE7B51D50AC35006505DB /* BottomCollectionViewCell.swift in Sources */ = {isa = PBXBuildFile; fileRef = 82FAE7B31D50AC35006505DB /* BottomCollectionViewCell.swift */; };
		82FAE7B61D50AC35006505DB /* BottomCollectionViewCell.xib in Resources */ = {isa = PBXBuildFile; fileRef = 82FAE7B41D50AC35006505DB /* BottomCollectionViewCell.xib */; };
		82FBA50B1D5AC13500F1B09C /* HeadDetailModel.swift in Sources */ = {isa = PBXBuildFile; fileRef = 82FBA50A1D5AC13500F1B09C /* HeadDetailModel.swift */; };
		82FBA5121D5B117D00F1B09C /* PlayTvViewController.swift in Sources */ = {isa = PBXBuildFile; fileRef = 82FBA5111D5B117D00F1B09C /* PlayTvViewController.swift */; };
		82FEA0321D51DBAB00EF8440 /* HeadViewAcFirstSectionTableViewCell.swift in Sources */ = {isa = PBXBuildFile; fileRef = 82FEA0301D51DBAB00EF8440 /* HeadViewAcFirstSectionTableViewCell.swift */; };
		82FEA0331D51DBAB00EF8440 /* HeadViewAcFirstSectionTableViewCell.xib in Resources */ = {isa = PBXBuildFile; fileRef = 82FEA0311D51DBAB00EF8440 /* HeadViewAcFirstSectionTableViewCell.xib */; };
		82FEA0381D51E84300EF8440 /* HeadDetalAcCustomTableViewCell.swift in Sources */ = {isa = PBXBuildFile; fileRef = 82FEA0361D51E84300EF8440 /* HeadDetalAcCustomTableViewCell.swift */; };
		82FEA0391D51E84300EF8440 /* HeadDetalAcCustomTableViewCell.xib in Resources */ = {isa = PBXBuildFile; fileRef = 82FEA0371D51E84300EF8440 /* HeadDetalAcCustomTableViewCell.xib */; };
		82FEA03C1D51FA5700EF8440 /* HeadDetailAcConsultTableViewCell.swift in Sources */ = {isa = PBXBuildFile; fileRef = 82FEA03A1D51FA5700EF8440 /* HeadDetailAcConsultTableViewCell.swift */; };
		82FEA03D1D51FA5700EF8440 /* HeadDetailAcConsultTableViewCell.xib in Resources */ = {isa = PBXBuildFile; fileRef = 82FEA03B1D51FA5700EF8440 /* HeadDetailAcConsultTableViewCell.xib */; };
/* End PBXBuildFile section */

/* Begin PBXContainerItemProxy section */
		826D692F1D4AF41700A1187D /* PBXContainerItemProxy */ = {
			isa = PBXContainerItemProxy;
			containerPortal = 826D690F1D4AF41700A1187D /* Project object */;
			proxyType = 1;
			remoteGlobalIDString = 826D69161D4AF41700A1187D;
			remoteInfo = BravePlay;
		};
		826D693A1D4AF41700A1187D /* PBXContainerItemProxy */ = {
			isa = PBXContainerItemProxy;
			containerPortal = 826D690F1D4AF41700A1187D /* Project object */;
			proxyType = 1;
			remoteGlobalIDString = 826D69161D4AF41700A1187D;
			remoteInfo = BravePlay;
		};
/* End PBXContainerItemProxy section */

/* Begin PBXFileReference section */
		343708C09E572DDDDF815A3C /* Pods-BravePlay.debug.xcconfig */ = {isa = PBXFileReference; includeInIndex = 1; lastKnownFileType = text.xcconfig; name = "Pods-BravePlay.debug.xcconfig"; path = "Pods/Target Support Files/Pods-BravePlay/Pods-BravePlay.debug.xcconfig"; sourceTree = "<group>"; };
		63F440286B27C95A94001004 /* Pods-BravePlay.release.xcconfig */ = {isa = PBXFileReference; includeInIndex = 1; lastKnownFileType = text.xcconfig; name = "Pods-BravePlay.release.xcconfig"; path = "Pods/Target Support Files/Pods-BravePlay/Pods-BravePlay.release.xcconfig"; sourceTree = "<group>"; };
		823A80C11D5D6EEC00EE302A /* WebTableViewCell.swift */ = {isa = PBXFileReference; fileEncoding = 4; lastKnownFileType = sourcecode.swift; path = WebTableViewCell.swift; sourceTree = "<group>"; };
		823A80C31D5D754000EE302A /* MoreDetailWebViewController.swift */ = {isa = PBXFileReference; fileEncoding = 4; lastKnownFileType = sourcecode.swift; path = MoreDetailWebViewController.swift; sourceTree = "<group>"; };
		8241CE711D51827200240803 /* DealError.swift */ = {isa = PBXFileReference; fileEncoding = 4; lastKnownFileType = sourcecode.swift; path = DealError.swift; sourceTree = "<group>"; };
		8241CE751D5195A800240803 /* MoyaPares.swift */ = {isa = PBXFileReference; fileEncoding = 4; lastKnownFileType = sourcecode.swift; path = MoyaPares.swift; sourceTree = "<group>"; };
		8241CE771D51B05A00240803 /* HeadDetailAcCostomHeadView.swift */ = {isa = PBXFileReference; fileEncoding = 4; lastKnownFileType = sourcecode.swift; path = HeadDetailAcCostomHeadView.swift; sourceTree = "<group>"; };
		8241CE7D1D51BFDB00240803 /* HeadDetailAcCustomView.swift */ = {isa = PBXFileReference; fileEncoding = 4; lastKnownFileType = sourcecode.swift; path = HeadDetailAcCustomView.swift; sourceTree = "<group>"; };
		824E71C61D5421480067351D /* CustomButtonTableViewCell.swift */ = {isa = PBXFileReference; fileEncoding = 4; lastKnownFileType = sourcecode.swift; path = CustomButtonTableViewCell.swift; sourceTree = "<group>"; };
		824E71C71D5421480067351D /* CustomButtonTableViewCell.xib */ = {isa = PBXFileReference; fileEncoding = 4; lastKnownFileType = file.xib; path = CustomButtonTableViewCell.xib; sourceTree = "<group>"; };
		824E71CD1D5425910067351D /* ShareViewController.swift */ = {isa = PBXFileReference; fileEncoding = 4; lastKnownFileType = sourcecode.swift; path = ShareViewController.swift; sourceTree = "<group>"; };
		824E71CE1D5425910067351D /* ShareViewController.xib */ = {isa = PBXFileReference; fileEncoding = 4; lastKnownFileType = file.xib; path = ShareViewController.xib; sourceTree = "<group>"; };
		824E71D11D5436640067351D /* ShareView.swift */ = {isa = PBXFileReference; fileEncoding = 4; lastKnownFileType = sourcecode.swift; path = ShareView.swift; sourceTree = "<group>"; };
		824E71D31D544C780067351D /* BuyTicketView.swift */ = {isa = PBXFileReference; fileEncoding = 4; lastKnownFileType = sourcecode.swift; path = BuyTicketView.swift; sourceTree = "<group>"; };
		824E71D71D544E3B0067351D /* ButTicketViewTableViewCell.swift */ = {isa = PBXFileReference; fileEncoding = 4; lastKnownFileType = sourcecode.swift; path = ButTicketViewTableViewCell.swift; sourceTree = "<group>"; };
		824E71D81D544E3B0067351D /* ButTicketViewTableViewCell.xib */ = {isa = PBXFileReference; fileEncoding = 4; lastKnownFileType = file.xib; path = ButTicketViewTableViewCell.xib; sourceTree = "<group>"; };
		824E71DC1D548AEA0067351D /* OrderDetailViewController.swift */ = {isa = PBXFileReference; fileEncoding = 4; lastKnownFileType = sourcecode.swift; path = OrderDetailViewController.swift; sourceTree = "<group>"; };
		82553AA21D52D82E005150C8 /* HeadViewAcModel.swift */ = {isa = PBXFileReference; fileEncoding = 4; lastKnownFileType = sourcecode.swift; path = HeadViewAcModel.swift; sourceTree = "<group>"; };
		82553AA41D52FBA1005150C8 /* MainVcConnectConfig.swift */ = {isa = PBXFileReference; fileEncoding = 4; lastKnownFileType = sourcecode.swift; path = MainVcConnectConfig.swift; sourceTree = "<group>"; };
		82553AAA1D531418005150C8 /* MainVcNetWork.swift */ = {isa = PBXFileReference; fileEncoding = 4; lastKnownFileType = sourcecode.swift; path = MainVcNetWork.swift; sourceTree = "<group>"; };
		82553AAC1D531683005150C8 /* MainVcPresentData.swift */ = {isa = PBXFileReference; fileEncoding = 4; lastKnownFileType = sourcecode.swift; path = MainVcPresentData.swift; sourceTree = "<group>"; };
		8263A4681D4ED2F400298D96 /* BraveActiveTableViewCell.swift */ = {isa = PBXFileReference; fileEncoding = 4; lastKnownFileType = sourcecode.swift; path = BraveActiveTableViewCell.swift; sourceTree = "<group>"; };
		8263A4691D4ED2F400298D96 /* BraveActiveTableViewCell.xib */ = {isa = PBXFileReference; fileEncoding = 4; lastKnownFileType = file.xib; path = BraveActiveTableViewCell.xib; sourceTree = "<group>"; };
		8263A46C1D4EE6DC00298D96 /* BraveTVUITableViewCell.swift */ = {isa = PBXFileReference; fileEncoding = 4; lastKnownFileType = sourcecode.swift; path = BraveTVUITableViewCell.swift; sourceTree = "<group>"; };
		8263A46D1D4EE6DC00298D96 /* BraveTVUITableViewCell.xib */ = {isa = PBXFileReference; fileEncoding = 4; lastKnownFileType = file.xib; path = BraveTVUITableViewCell.xib; sourceTree = "<group>"; };
		8263A4761D4EF26600298D96 /* CustomTableViewCell.swift */ = {isa = PBXFileReference; fileEncoding = 4; lastKnownFileType = sourcecode.swift; path = CustomTableViewCell.swift; sourceTree = "<group>"; };
		8263A4771D4EF26600298D96 /* CustomTableViewCell.xib */ = {isa = PBXFileReference; fileEncoding = 4; lastKnownFileType = file.xib; path = CustomTableViewCell.xib; sourceTree = "<group>"; };
		8263A47B1D4EFA1200298D96 /* HeadViewDetailViewController.swift */ = {isa = PBXFileReference; fileEncoding = 4; lastKnownFileType = sourcecode.swift; path = HeadViewDetailViewController.swift; sourceTree = "<group>"; };
		8263A47D1D4F385400298D96 /* HeadViewDetailForVideoViewController.swift */ = {isa = PBXFileReference; fileEncoding = 4; lastKnownFileType = sourcecode.swift; path = HeadViewDetailForVideoViewController.swift; sourceTree = "<group>"; };
		8263A4811D4F500B00298D96 /* MainSectionMoya.swift */ = {isa = PBXFileReference; fileEncoding = 4; lastKnownFileType = sourcecode.swift; path = MainSectionMoya.swift; sourceTree = "<group>"; };
		8263A4831D4F542500298D96 /* MainSectionModel.swift */ = {isa = PBXFileReference; fileEncoding = 4; lastKnownFileType = sourcecode.swift; path = MainSectionModel.swift; sourceTree = "<group>"; };
		8268607C1D595A7B0099670A /* OrderDetailCellTitleTableViewCell.swift */ = {isa = PBXFileReference; fileEncoding = 4; lastKnownFileType = sourcecode.swift; path = OrderDetailCellTitleTableViewCell.swift; sourceTree = "<group>"; };
		8268607D1D595A7B0099670A /* OrderDetailCellTitleTableViewCell.xib */ = {isa = PBXFileReference; fileEncoding = 4; lastKnownFileType = file.xib; path = OrderDetailCellTitleTableViewCell.xib; sourceTree = "<group>"; };
		826860801D595E1A0099670A /* OrderDetailContactTableViewCell.swift */ = {isa = PBXFileReference; fileEncoding = 4; lastKnownFileType = sourcecode.swift; path = OrderDetailContactTableViewCell.swift; sourceTree = "<group>"; };
		826860811D595E1A0099670A /* OrderDetailContactTableViewCell.xib */ = {isa = PBXFileReference; fileEncoding = 4; lastKnownFileType = file.xib; path = OrderDetailContactTableViewCell.xib; sourceTree = "<group>"; };
		826860841D5960340099670A /* OrderDetailPayWaysTableViewCell.swift */ = {isa = PBXFileReference; fileEncoding = 4; lastKnownFileType = sourcecode.swift; path = OrderDetailPayWaysTableViewCell.swift; sourceTree = "<group>"; };
		826860851D5960340099670A /* OrderDetailPayWaysTableViewCell.xib */ = {isa = PBXFileReference; fileEncoding = 4; lastKnownFileType = file.xib; path = OrderDetailPayWaysTableViewCell.xib; sourceTree = "<group>"; };
		826860881D5962FE0099670A /* numberOfTicketsView.swift */ = {isa = PBXFileReference; fileEncoding = 4; lastKnownFileType = sourcecode.swift; path = numberOfTicketsView.swift; sourceTree = "<group>"; };
		8268608A1D5969360099670A /* OrderDetailTicketNumberTableViewCell.swift */ = {isa = PBXFileReference; fileEncoding = 4; lastKnownFileType = sourcecode.swift; path = OrderDetailTicketNumberTableViewCell.swift; sourceTree = "<group>"; };
		8268608B1D5969360099670A /* OrderDetailTicketNumberTableViewCell.xib */ = {isa = PBXFileReference; fileEncoding = 4; lastKnownFileType = file.xib; path = OrderDetailTicketNumberTableViewCell.xib; sourceTree = "<group>"; };
		8268608E1D597CBB0099670A /* OrderDetailTableViewCell.swift */ = {isa = PBXFileReference; fileEncoding = 4; lastKnownFileType = sourcecode.swift; path = OrderDetailTableViewCell.swift; sourceTree = "<group>"; };
		8268608F1D597CBB0099670A /* OrderDetailTableViewCell.xib */ = {isa = PBXFileReference; fileEncoding = 4; lastKnownFileType = file.xib; path = OrderDetailTableViewCell.xib; sourceTree = "<group>"; };
		826860951D59ADB00099670A /* MapVCViewController.swift */ = {isa = PBXFileReference; fileEncoding = 4; lastKnownFileType = sourcecode.swift; path = MapVCViewController.swift; sourceTree = "<group>"; };
		826860991D59B63B0099670A /* MoreConsultViewController.swift */ = {isa = PBXFileReference; fileEncoding = 4; lastKnownFileType = sourcecode.swift; path = MoreConsultViewController.swift; sourceTree = "<group>"; };
		8268609B1D59B6580099670A /* MoreDetailViewController.swift */ = {isa = PBXFileReference; fileEncoding = 4; lastKnownFileType = sourcecode.swift; path = MoreDetailViewController.swift; sourceTree = "<group>"; };
		8268609D1D59BF920099670A /* MoreDetailTitleTableViewCell.swift */ = {isa = PBXFileReference; fileEncoding = 4; lastKnownFileType = sourcecode.swift; path = MoreDetailTitleTableViewCell.swift; sourceTree = "<group>"; };
		8268609E1D59BF920099670A /* MoreDetailTitleTableViewCell.xib */ = {isa = PBXFileReference; fileEncoding = 4; lastKnownFileType = file.xib; path = MoreDetailTitleTableViewCell.xib; sourceTree = "<group>"; };
		826860A31D59CE460099670A /* DetailForTvCustomHeadView.swift */ = {isa = PBXFileReference; fileEncoding = 4; lastKnownFileType = sourcecode.swift; path = DetailForTvCustomHeadView.swift; sourceTree = "<group>"; };
		826860A51D59D8070099670A /* DetailForTvRecommendTableViewCell.swift */ = {isa = PBXFileReference; fileEncoding = 4; lastKnownFileType = sourcecode.swift; path = DetailForTvRecommendTableViewCell.swift; sourceTree = "<group>"; };
		826860A61D59D8070099670A /* DetailForTvRecommendTableViewCell.xib */ = {isa = PBXFileReference; fileEncoding = 4; lastKnownFileType = file.xib; path = DetailForTvRecommendTableViewCell.xib; sourceTree = "<group>"; };
		826860A91D59DBD00099670A /* DetailForTvCommentTableViewCell.swift */ = {isa = PBXFileReference; fileEncoding = 4; lastKnownFileType = sourcecode.swift; path = DetailForTvCommentTableViewCell.swift; sourceTree = "<group>"; };
		826860AA1D59DBD00099670A /* DetailForTvCommentTableViewCell.xib */ = {isa = PBXFileReference; fileEncoding = 4; lastKnownFileType = file.xib; path = DetailForTvCommentTableViewCell.xib; sourceTree = "<group>"; };
		826860AD1D59E02C0099670A /* relatedRecommendTableViewCell.swift */ = {isa = PBXFileReference; fileEncoding = 4; lastKnownFileType = sourcecode.swift; path = relatedRecommendTableViewCell.swift; sourceTree = "<group>"; };
		826860AE1D59E02C0099670A /* relatedRecommendTableViewCell.xib */ = {isa = PBXFileReference; fileEncoding = 4; lastKnownFileType = file.xib; path = relatedRecommendTableViewCell.xib; sourceTree = "<group>"; };
		826D69171D4AF41700A1187D /* BravePlay.app */ = {isa = PBXFileReference; explicitFileType = wrapper.application; includeInIndex = 0; path = BravePlay.app; sourceTree = BUILT_PRODUCTS_DIR; };
		826D691A1D4AF41700A1187D /* AppDelegate.swift */ = {isa = PBXFileReference; lastKnownFileType = sourcecode.swift; path = AppDelegate.swift; sourceTree = "<group>"; };
		826D691C1D4AF41700A1187D /* ViewController.swift */ = {isa = PBXFileReference; lastKnownFileType = sourcecode.swift; path = ViewController.swift; sourceTree = "<group>"; };
		826D691F1D4AF41700A1187D /* Base */ = {isa = PBXFileReference; lastKnownFileType = file.storyboard; name = Base; path = Base.lproj/Main.storyboard; sourceTree = "<group>"; };
		826D69221D4AF41700A1187D /* BravePlay.xcdatamodel */ = {isa = PBXFileReference; lastKnownFileType = wrapper.xcdatamodel; path = BravePlay.xcdatamodel; sourceTree = "<group>"; };
		826D69241D4AF41700A1187D /* Assets.xcassets */ = {isa = PBXFileReference; lastKnownFileType = folder.assetcatalog; path = Assets.xcassets; sourceTree = "<group>"; };
		826D69271D4AF41700A1187D /* Base */ = {isa = PBXFileReference; lastKnownFileType = file.storyboard; name = Base; path = Base.lproj/LaunchScreen.storyboard; sourceTree = "<group>"; };
		826D69291D4AF41700A1187D /* Info.plist */ = {isa = PBXFileReference; lastKnownFileType = text.plist.xml; path = Info.plist; sourceTree = "<group>"; };
		826D692E1D4AF41700A1187D /* BravePlayTests.xctest */ = {isa = PBXFileReference; explicitFileType = wrapper.cfbundle; includeInIndex = 0; path = BravePlayTests.xctest; sourceTree = BUILT_PRODUCTS_DIR; };
		826D69321D4AF41700A1187D /* BravePlayTests.swift */ = {isa = PBXFileReference; lastKnownFileType = sourcecode.swift; path = BravePlayTests.swift; sourceTree = "<group>"; };
		826D69341D4AF41700A1187D /* Info.plist */ = {isa = PBXFileReference; lastKnownFileType = text.plist.xml; path = Info.plist; sourceTree = "<group>"; };
		826D69391D4AF41700A1187D /* BravePlayUITests.xctest */ = {isa = PBXFileReference; explicitFileType = wrapper.cfbundle; includeInIndex = 0; path = BravePlayUITests.xctest; sourceTree = BUILT_PRODUCTS_DIR; };
		826D693D1D4AF41700A1187D /* BravePlayUITests.swift */ = {isa = PBXFileReference; lastKnownFileType = sourcecode.swift; path = BravePlayUITests.swift; sourceTree = "<group>"; };
		826D693F1D4AF41700A1187D /* Info.plist */ = {isa = PBXFileReference; lastKnownFileType = text.plist.xml; path = Info.plist; sourceTree = "<group>"; };
		826D694C1D4AF4CA00A1187D /* MainPageViewController.swift */ = {isa = PBXFileReference; fileEncoding = 4; lastKnownFileType = sourcecode.swift; path = MainPageViewController.swift; sourceTree = "<group>"; };
		826D69501D4AF9FC00A1187D /* InterestingTableViewCell.swift */ = {isa = PBXFileReference; fileEncoding = 4; lastKnownFileType = sourcecode.swift; path = InterestingTableViewCell.swift; sourceTree = "<group>"; };
		826D69511D4AF9FC00A1187D /* InterestingTableViewCell.xib */ = {isa = PBXFileReference; fileEncoding = 4; lastKnownFileType = file.xib; path = InterestingTableViewCell.xib; sourceTree = "<group>"; };
		826D69541D4B14AB00A1187D /* SeciontTitleTableViewCell.swift */ = {isa = PBXFileReference; fileEncoding = 4; lastKnownFileType = sourcecode.swift; path = SeciontTitleTableViewCell.swift; sourceTree = "<group>"; };
		826D69551D4B14AB00A1187D /* SeciontTitleTableViewCell.xib */ = {isa = PBXFileReference; fileEncoding = 4; lastKnownFileType = file.xib; path = SeciontTitleTableViewCell.xib; sourceTree = "<group>"; };
		826D695B1D4B238400A1187D /* CustomHeadView.swift */ = {isa = PBXFileReference; fileEncoding = 4; lastKnownFileType = sourcecode.swift; path = CustomHeadView.swift; sourceTree = "<group>"; };
		826D695D1D4B266B00A1187D /* CustomCellCollectionViewCell.swift */ = {isa = PBXFileReference; fileEncoding = 4; lastKnownFileType = sourcecode.swift; path = CustomCellCollectionViewCell.swift; sourceTree = "<group>"; };
		826D695E1D4B266B00A1187D /* CustomCellCollectionViewCell.xib */ = {isa = PBXFileReference; fileEncoding = 4; lastKnownFileType = file.xib; path = CustomCellCollectionViewCell.xib; sourceTree = "<group>"; };
		827234431D53516F000D466F /* Reveal.framework */ = {isa = PBXFileReference; lastKnownFileType = wrapper.framework; name = Reveal.framework; path = ../../Desktop/Reveal.framework; sourceTree = "<group>"; };
		827234441D53516F000D466F /* libReveal.dylib */ = {isa = PBXFileReference; lastKnownFileType = "compiled.mach-o.dylib"; name = libReveal.dylib; path = ../../Desktop/libReveal.dylib; sourceTree = "<group>"; };
		8272344B1D5355C4000D466F /* Reveal.framework */ = {isa = PBXFileReference; lastKnownFileType = wrapper.framework; path = Reveal.framework; sourceTree = "<group>"; };
		8273F8C41D5C6DF00053D3A4 /* Subtitles.swift */ = {isa = PBXFileReference; fileEncoding = 4; lastKnownFileType = sourcecode.swift; path = Subtitles.swift; sourceTree = "<group>"; };
		8273F8C61D5C83D60053D3A4 /* BottomView.swift */ = {isa = PBXFileReference; fileEncoding = 4; lastKnownFileType = sourcecode.swift; path = BottomView.swift; sourceTree = "<group>"; };
		82B044181D5DADBB0020F547 /* CustomTitleView.swift */ = {isa = PBXFileReference; fileEncoding = 4; lastKnownFileType = sourcecode.swift; path = CustomTitleView.swift; sourceTree = "<group>"; };
		82B0441B1D5DD1D40020F547 /* UserVCModel.swift */ = {isa = PBXFileReference; fileEncoding = 4; lastKnownFileType = sourcecode.swift; path = UserVCModel.swift; sourceTree = "<group>"; };
		82B0441D1D5DD67C0020F547 /* UserVcViewController.swift */ = {isa = PBXFileReference; fileEncoding = 4; lastKnownFileType = sourcecode.swift; path = UserVcViewController.swift; sourceTree = "<group>"; };
		82B0441F1D5DD6FB0020F547 /* UserVcHeadView.swift */ = {isa = PBXFileReference; fileEncoding = 4; lastKnownFileType = sourcecode.swift; path = UserVcHeadView.swift; sourceTree = "<group>"; };
		82B52A8C1D5B353800E5FEAF /* PlayTv.swift */ = {isa = PBXFileReference; fileEncoding = 4; lastKnownFileType = sourcecode.swift; path = PlayTv.swift; sourceTree = "<group>"; };
		82FAE7AF1D50597B006505DB /* ExtensionUIControl.swift */ = {isa = PBXFileReference; fileEncoding = 4; lastKnownFileType = sourcecode.swift; path = ExtensionUIControl.swift; sourceTree = "<group>"; };
		82FAE7B31D50AC35006505DB /* BottomCollectionViewCell.swift */ = {isa = PBXFileReference; fileEncoding = 4; lastKnownFileType = sourcecode.swift; path = BottomCollectionViewCell.swift; sourceTree = "<group>"; };
		82FAE7B41D50AC35006505DB /* BottomCollectionViewCell.xib */ = {isa = PBXFileReference; fileEncoding = 4; lastKnownFileType = file.xib; path = BottomCollectionViewCell.xib; sourceTree = "<group>"; };
		82FBA50A1D5AC13500F1B09C /* HeadDetailModel.swift */ = {isa = PBXFileReference; fileEncoding = 4; lastKnownFileType = sourcecode.swift; path = HeadDetailModel.swift; sourceTree = "<group>"; };
		82FBA5111D5B117D00F1B09C /* PlayTvViewController.swift */ = {isa = PBXFileReference; fileEncoding = 4; lastKnownFileType = sourcecode.swift; path = PlayTvViewController.swift; sourceTree = "<group>"; };
		82FEA0301D51DBAB00EF8440 /* HeadViewAcFirstSectionTableViewCell.swift */ = {isa = PBXFileReference; fileEncoding = 4; lastKnownFileType = sourcecode.swift; path = HeadViewAcFirstSectionTableViewCell.swift; sourceTree = "<group>"; };
		82FEA0311D51DBAB00EF8440 /* HeadViewAcFirstSectionTableViewCell.xib */ = {isa = PBXFileReference; fileEncoding = 4; lastKnownFileType = file.xib; path = HeadViewAcFirstSectionTableViewCell.xib; sourceTree = "<group>"; };
		82FEA0361D51E84300EF8440 /* HeadDetalAcCustomTableViewCell.swift */ = {isa = PBXFileReference; fileEncoding = 4; lastKnownFileType = sourcecode.swift; path = HeadDetalAcCustomTableViewCell.swift; sourceTree = "<group>"; };
		82FEA0371D51E84300EF8440 /* HeadDetalAcCustomTableViewCell.xib */ = {isa = PBXFileReference; fileEncoding = 4; lastKnownFileType = file.xib; path = HeadDetalAcCustomTableViewCell.xib; sourceTree = "<group>"; };
		82FEA03A1D51FA5700EF8440 /* HeadDetailAcConsultTableViewCell.swift */ = {isa = PBXFileReference; fileEncoding = 4; lastKnownFileType = sourcecode.swift; path = HeadDetailAcConsultTableViewCell.swift; sourceTree = "<group>"; };
		82FEA03B1D51FA5700EF8440 /* HeadDetailAcConsultTableViewCell.xib */ = {isa = PBXFileReference; fileEncoding = 4; lastKnownFileType = file.xib; path = HeadDetailAcConsultTableViewCell.xib; sourceTree = "<group>"; };
		DFFCD8F239B7853EC81053CB /* Pods_BravePlay.framework */ = {isa = PBXFileReference; explicitFileType = wrapper.framework; includeInIndex = 0; path = Pods_BravePlay.framework; sourceTree = BUILT_PRODUCTS_DIR; };
/* End PBXFileReference section */

/* Begin PBXFrameworksBuildPhase section */
		826D69141D4AF41700A1187D /* Frameworks */ = {
			isa = PBXFrameworksBuildPhase;
			buildActionMask = 2147483647;
			files = (
				0AB695D9EAAD0DDEA96C441A /* Pods_BravePlay.framework in Frameworks */,
				8272344C1D5355C4000D466F /* Reveal.framework in Frameworks */,
			);
			runOnlyForDeploymentPostprocessing = 0;
		};
		826D692B1D4AF41700A1187D /* Frameworks */ = {
			isa = PBXFrameworksBuildPhase;
			buildActionMask = 2147483647;
			files = (
			);
			runOnlyForDeploymentPostprocessing = 0;
		};
		826D69361D4AF41700A1187D /* Frameworks */ = {
			isa = PBXFrameworksBuildPhase;
			buildActionMask = 2147483647;
			files = (
			);
			runOnlyForDeploymentPostprocessing = 0;
		};
/* End PBXFrameworksBuildPhase section */

/* Begin PBXGroup section */
		409F3F4E06CB95BDD831967B /* Frameworks */ = {
			isa = PBXGroup;
			children = (
				827234431D53516F000D466F /* Reveal.framework */,
				827234441D53516F000D466F /* libReveal.dylib */,
				DFFCD8F239B7853EC81053CB /* Pods_BravePlay.framework */,
			);
			name = Frameworks;
			sourceTree = "<group>";
		};
		66FF9B6EADF219F49A4B6586 /* Pods */ = {
			isa = PBXGroup;
			children = (
				343708C09E572DDDDF815A3C /* Pods-BravePlay.debug.xcconfig */,
				63F440286B27C95A94001004 /* Pods-BravePlay.release.xcconfig */,
			);
			name = Pods;
			sourceTree = "<group>";
		};
		8241CE701D51825A00240803 /* DealError */ = {
			isa = PBXGroup;
			children = (
				8241CE711D51827200240803 /* DealError.swift */,
			);
			name = DealError;
			sourceTree = "<group>";
		};
		824E71CA1D5424EF0067351D /* GeneralViewController */ = {
			isa = PBXGroup;
			children = (
				824E71CD1D5425910067351D /* ShareViewController.swift */,
				824E71CE1D5425910067351D /* ShareViewController.xib */,
			);
			name = GeneralViewController;
			sourceTree = "<group>";
		};
		824E71CB1D5425070067351D /* TableCell */ = {
			isa = PBXGroup;
			children = (
				826D695D1D4B266B00A1187D /* CustomCellCollectionViewCell.swift */,
				826D695E1D4B266B00A1187D /* CustomCellCollectionViewCell.xib */,
				8263A4761D4EF26600298D96 /* CustomTableViewCell.swift */,
				8263A4771D4EF26600298D96 /* CustomTableViewCell.xib */,
				82FAE7B31D50AC35006505DB /* BottomCollectionViewCell.swift */,
				82FAE7B41D50AC35006505DB /* BottomCollectionViewCell.xib */,
				824E71C61D5421480067351D /* CustomButtonTableViewCell.swift */,
				824E71C71D5421480067351D /* CustomButtonTableViewCell.xib */,
			);
			name = TableCell;
			sourceTree = "<group>";
		};
		824E71CC1D54253B0067351D /* general */ = {
			isa = PBXGroup;
			children = (
				826D695B1D4B238400A1187D /* CustomHeadView.swift */,
				82FAE7AF1D50597B006505DB /* ExtensionUIControl.swift */,
				8241CE751D5195A800240803 /* MoyaPares.swift */,
			);
			name = general;
			sourceTree = "<group>";
		};
		824E71D51D544E030067351D /* ButTicketView */ = {
			isa = PBXGroup;
			children = (
				824E71D31D544C780067351D /* BuyTicketView.swift */,
				824E71D71D544E3B0067351D /* ButTicketViewTableViewCell.swift */,
				824E71D81D544E3B0067351D /* ButTicketViewTableViewCell.xib */,
			);
			name = ButTicketView;
			sourceTree = "<group>";
		};
		824E71DB1D548ACB0067351D /* OrderDetail */ = {
			isa = PBXGroup;
			children = (
				824E71DC1D548AEA0067351D /* OrderDetailViewController.swift */,
				8268607C1D595A7B0099670A /* OrderDetailCellTitleTableViewCell.swift */,
				8268607D1D595A7B0099670A /* OrderDetailCellTitleTableViewCell.xib */,
				826860801D595E1A0099670A /* OrderDetailContactTableViewCell.swift */,
				826860811D595E1A0099670A /* OrderDetailContactTableViewCell.xib */,
				826860841D5960340099670A /* OrderDetailPayWaysTableViewCell.swift */,
				826860851D5960340099670A /* OrderDetailPayWaysTableViewCell.xib */,
				826860881D5962FE0099670A /* numberOfTicketsView.swift */,
				8268608A1D5969360099670A /* OrderDetailTicketNumberTableViewCell.swift */,
				8268608B1D5969360099670A /* OrderDetailTicketNumberTableViewCell.xib */,
				8268608E1D597CBB0099670A /* OrderDetailTableViewCell.swift */,
				8268608F1D597CBB0099670A /* OrderDetailTableViewCell.xib */,
			);
			name = OrderDetail;
			sourceTree = "<group>";
		};
		8263A47A1D4EF9F700298D96 /* HeadDetailForActivity */ = {
			isa = PBXGroup;
			children = (
				8263A47B1D4EFA1200298D96 /* HeadViewDetailViewController.swift */,
				8241CE771D51B05A00240803 /* HeadDetailAcCostomHeadView.swift */,
				8241CE7D1D51BFDB00240803 /* HeadDetailAcCustomView.swift */,
				82FEA0301D51DBAB00EF8440 /* HeadViewAcFirstSectionTableViewCell.swift */,
				82FEA0311D51DBAB00EF8440 /* HeadViewAcFirstSectionTableViewCell.xib */,
				82FEA0361D51E84300EF8440 /* HeadDetalAcCustomTableViewCell.swift */,
				82FEA0371D51E84300EF8440 /* HeadDetalAcCustomTableViewCell.xib */,
				82FEA03A1D51FA5700EF8440 /* HeadDetailAcConsultTableViewCell.swift */,
				82FEA03B1D51FA5700EF8440 /* HeadDetailAcConsultTableViewCell.xib */,
				82553AA21D52D82E005150C8 /* HeadViewAcModel.swift */,
			);
			name = HeadDetailForActivity;
			sourceTree = "<group>";
		};
		826860921D59AD840099670A /* MapVC */ = {
			isa = PBXGroup;
			children = (
				826860951D59ADB00099670A /* MapVCViewController.swift */,
			);
			name = MapVC;
			sourceTree = "<group>";
		};
		826860971D59B58D0099670A /* MainVCMoreDetail */ = {
			isa = PBXGroup;
			children = (
				8268609B1D59B6580099670A /* MoreDetailViewController.swift */,
				8268609D1D59BF920099670A /* MoreDetailTitleTableViewCell.swift */,
				8268609E1D59BF920099670A /* MoreDetailTitleTableViewCell.xib */,
				823A80C31D5D754000EE302A /* MoreDetailWebViewController.swift */,
			);
			name = MainVCMoreDetail;
			sourceTree = "<group>";
		};
		826860981D59B5980099670A /* MainVCMoreConsult */ = {
			isa = PBXGroup;
			children = (
				826860991D59B63B0099670A /* MoreConsultViewController.swift */,
			);
			name = MainVCMoreConsult;
			sourceTree = "<group>";
		};
		826D690E1D4AF41700A1187D = {
			isa = PBXGroup;
			children = (
				826D69191D4AF41700A1187D /* BravePlay */,
				826D69311D4AF41700A1187D /* BravePlayTests */,
				826D693C1D4AF41700A1187D /* BravePlayUITests */,
				826D69181D4AF41700A1187D /* Products */,
				66FF9B6EADF219F49A4B6586 /* Pods */,
				409F3F4E06CB95BDD831967B /* Frameworks */,
			);
			sourceTree = "<group>";
		};
		826D69181D4AF41700A1187D /* Products */ = {
			isa = PBXGroup;
			children = (
				826D69171D4AF41700A1187D /* BravePlay.app */,
				826D692E1D4AF41700A1187D /* BravePlayTests.xctest */,
				826D69391D4AF41700A1187D /* BravePlayUITests.xctest */,
			);
			name = Products;
			sourceTree = "<group>";
		};
		826D69191D4AF41700A1187D /* BravePlay */ = {
			isa = PBXGroup;
			children = (
				826D691A1D4AF41700A1187D /* AppDelegate.swift */,
				8272344B1D5355C4000D466F /* Reveal.framework */,
				826D691E1D4AF41700A1187D /* Main.storyboard */,
				826D69241D4AF41700A1187D /* Assets.xcassets */,
				826D69261D4AF41700A1187D /* LaunchScreen.storyboard */,
				826D69291D4AF41700A1187D /* Info.plist */,
				826D69211D4AF41700A1187D /* BravePlay.xcdatamodeld */,
				826D694B1D4AF46100A1187D /* Config */,
				826D694E1D4AF8AA00A1187D /* MainSection */,
				826D69581D4B227100A1187D /* General */,
			);
			path = BravePlay;
			sourceTree = "<group>";
		};
		826D69311D4AF41700A1187D /* BravePlayTests */ = {
			isa = PBXGroup;
			children = (
				826D69321D4AF41700A1187D /* BravePlayTests.swift */,
				826D69341D4AF41700A1187D /* Info.plist */,
			);
			path = BravePlayTests;
			sourceTree = "<group>";
		};
		826D693C1D4AF41700A1187D /* BravePlayUITests */ = {
			isa = PBXGroup;
			children = (
				826D693D1D4AF41700A1187D /* BravePlayUITests.swift */,
				826D693F1D4AF41700A1187D /* Info.plist */,
			);
			path = BravePlayUITests;
			sourceTree = "<group>";
		};
		826D694B1D4AF46100A1187D /* Config */ = {
			isa = PBXGroup;
			children = (
				826D694C1D4AF4CA00A1187D /* MainPageViewController.swift */,
			);
			name = Config;
			sourceTree = "<group>";
		};
		826D694E1D4AF8AA00A1187D /* MainSection */ = {
			isa = PBXGroup;
			children = (
				8263A4811D4F500B00298D96 /* MainSectionMoya.swift */,
				824E71DB1D548ACB0067351D /* OrderDetail */,
				82FAE7B21D506FA4006505DB /* MainVC */,
				826D694F1D4AF9B500A1187D /* BravePlayInteresting */,
				8263A47A1D4EF9F700298D96 /* HeadDetailForActivity */,
				82FAE7B11D506C17006505DB /* HeadDetailForTV */,
				82B0441A1D5DCFC70020F547 /* UserVc */,
			);
			name = MainSection;
			sourceTree = "<group>";
		};
		826D694F1D4AF9B500A1187D /* BravePlayInteresting */ = {
			isa = PBXGroup;
			children = (
				826D69501D4AF9FC00A1187D /* InterestingTableViewCell.swift */,
				826D69511D4AF9FC00A1187D /* InterestingTableViewCell.xib */,
				826D69541D4B14AB00A1187D /* SeciontTitleTableViewCell.swift */,
				826D69551D4B14AB00A1187D /* SeciontTitleTableViewCell.xib */,
				8263A4681D4ED2F400298D96 /* BraveActiveTableViewCell.swift */,
				8263A4691D4ED2F400298D96 /* BraveActiveTableViewCell.xib */,
				8263A46C1D4EE6DC00298D96 /* BraveTVUITableViewCell.swift */,
				8263A46D1D4EE6DC00298D96 /* BraveTVUITableViewCell.xib */,
			);
			name = BravePlayInteresting;
			sourceTree = "<group>";
		};
		826D69581D4B227100A1187D /* General */ = {
			isa = PBXGroup;
			children = (
				82FBA5101D5B116500F1B09C /* PlayTv */,
				826860921D59AD840099670A /* MapVC */,
				824E71CB1D5425070067351D /* TableCell */,
				8241CE701D51825A00240803 /* DealError */,
				824E71CC1D54253B0067351D /* general */,
				824E71CA1D5424EF0067351D /* GeneralViewController */,
				824E71D51D544E030067351D /* ButTicketView */,
				824E71D11D5436640067351D /* ShareView.swift */,
				823A80C11D5D6EEC00EE302A /* WebTableViewCell.swift */,
				82B044181D5DADBB0020F547 /* CustomTitleView.swift */,
			);
			name = General;
			sourceTree = "<group>";
		};
		82B0441A1D5DCFC70020F547 /* UserVc */ = {
			isa = PBXGroup;
			children = (
				82B0441B1D5DD1D40020F547 /* UserVCModel.swift */,
				82B0441D1D5DD67C0020F547 /* UserVcViewController.swift */,
				82B0441F1D5DD6FB0020F547 /* UserVcHeadView.swift */,
			);
			name = UserVc;
			sourceTree = "<group>";
		};
		82FAE7B11D506C17006505DB /* HeadDetailForTV */ = {
			isa = PBXGroup;
			children = (
				8263A47D1D4F385400298D96 /* HeadViewDetailForVideoViewController.swift */,
				826860A31D59CE460099670A /* DetailForTvCustomHeadView.swift */,
				826860A51D59D8070099670A /* DetailForTvRecommendTableViewCell.swift */,
				826860A61D59D8070099670A /* DetailForTvRecommendTableViewCell.xib */,
				826860A91D59DBD00099670A /* DetailForTvCommentTableViewCell.swift */,
				826860AA1D59DBD00099670A /* DetailForTvCommentTableViewCell.xib */,
				826860AD1D59E02C0099670A /* relatedRecommendTableViewCell.swift */,
				826860AE1D59E02C0099670A /* relatedRecommendTableViewCell.xib */,
				82FBA50A1D5AC13500F1B09C /* HeadDetailModel.swift */,
			);
			name = HeadDetailForTV;
			sourceTree = "<group>";
		};
		82FAE7B21D506FA4006505DB /* MainVC */ = {
			isa = PBXGroup;
			children = (
				826D691C1D4AF41700A1187D /* ViewController.swift */,
				8263A4831D4F542500298D96 /* MainSectionModel.swift */,
				82553AA41D52FBA1005150C8 /* MainVcConnectConfig.swift */,
				82553AAA1D531418005150C8 /* MainVcNetWork.swift */,
				82553AAC1D531683005150C8 /* MainVcPresentData.swift */,
				826860971D59B58D0099670A /* MainVCMoreDetail */,
				826860981D59B5980099670A /* MainVCMoreConsult */,
			);
			name = MainVC;
			sourceTree = "<group>";
		};
		82FBA5101D5B116500F1B09C /* PlayTv */ = {
			isa = PBXGroup;
			children = (
				82FBA5111D5B117D00F1B09C /* PlayTvViewController.swift */,
				82B52A8C1D5B353800E5FEAF /* PlayTv.swift */,
				8273F8C41D5C6DF00053D3A4 /* Subtitles.swift */,
				8273F8C61D5C83D60053D3A4 /* BottomView.swift */,
			);
			name = PlayTv;
			sourceTree = "<group>";
		};
/* End PBXGroup section */

/* Begin PBXNativeTarget section */
		826D69161D4AF41700A1187D /* BravePlay */ = {
			isa = PBXNativeTarget;
			buildConfigurationList = 826D69421D4AF41700A1187D /* Build configuration list for PBXNativeTarget "BravePlay" */;
			buildPhases = (
				2A854AF3E3FC04ED1598510E /* Check Pods Manifest.lock */,
				826D69131D4AF41700A1187D /* Sources */,
				826D69141D4AF41700A1187D /* Frameworks */,
				826D69151D4AF41700A1187D /* Resources */,
				EDA15D50F75B9BF8F6B93401 /* Embed Pods Frameworks */,
				ACC9FD27845C21E867F9150B /* Copy Pods Resources */,
			);
			buildRules = (
			);
			dependencies = (
			);
			name = BravePlay;
			productName = BravePlay;
			productReference = 826D69171D4AF41700A1187D /* BravePlay.app */;
			productType = "com.apple.product-type.application";
		};
		826D692D1D4AF41700A1187D /* BravePlayTests */ = {
			isa = PBXNativeTarget;
			buildConfigurationList = 826D69451D4AF41700A1187D /* Build configuration list for PBXNativeTarget "BravePlayTests" */;
			buildPhases = (
				826D692A1D4AF41700A1187D /* Sources */,
				826D692B1D4AF41700A1187D /* Frameworks */,
				826D692C1D4AF41700A1187D /* Resources */,
			);
			buildRules = (
			);
			dependencies = (
				826D69301D4AF41700A1187D /* PBXTargetDependency */,
			);
			name = BravePlayTests;
			productName = BravePlayTests;
			productReference = 826D692E1D4AF41700A1187D /* BravePlayTests.xctest */;
			productType = "com.apple.product-type.bundle.unit-test";
		};
		826D69381D4AF41700A1187D /* BravePlayUITests */ = {
			isa = PBXNativeTarget;
			buildConfigurationList = 826D69481D4AF41700A1187D /* Build configuration list for PBXNativeTarget "BravePlayUITests" */;
			buildPhases = (
				826D69351D4AF41700A1187D /* Sources */,
				826D69361D4AF41700A1187D /* Frameworks */,
				826D69371D4AF41700A1187D /* Resources */,
			);
			buildRules = (
			);
			dependencies = (
				826D693B1D4AF41700A1187D /* PBXTargetDependency */,
			);
			name = BravePlayUITests;
			productName = BravePlayUITests;
			productReference = 826D69391D4AF41700A1187D /* BravePlayUITests.xctest */;
			productType = "com.apple.product-type.bundle.ui-testing";
		};
/* End PBXNativeTarget section */

/* Begin PBXProject section */
		826D690F1D4AF41700A1187D /* Project object */ = {
			isa = PBXProject;
			attributes = {
				LastSwiftUpdateCheck = 0730;
				LastUpgradeCheck = 0730;
				ORGANIZATIONNAME = Jason_Yao;
				TargetAttributes = {
					826D69161D4AF41700A1187D = {
						CreatedOnToolsVersion = 7.3.1;
						DevelopmentTeam = J3V6S85N9Y;
					};
					826D692D1D4AF41700A1187D = {
						CreatedOnToolsVersion = 7.3.1;
						TestTargetID = 826D69161D4AF41700A1187D;
					};
					826D69381D4AF41700A1187D = {
						CreatedOnToolsVersion = 7.3.1;
						TestTargetID = 826D69161D4AF41700A1187D;
					};
				};
			};
			buildConfigurationList = 826D69121D4AF41700A1187D /* Build configuration list for PBXProject "BravePlay" */;
			compatibilityVersion = "Xcode 3.2";
			developmentRegion = English;
			hasScannedForEncodings = 0;
			knownRegions = (
				en,
				Base,
			);
			mainGroup = 826D690E1D4AF41700A1187D;
			productRefGroup = 826D69181D4AF41700A1187D /* Products */;
			projectDirPath = "";
			projectRoot = "";
			targets = (
				826D69161D4AF41700A1187D /* BravePlay */,
				826D692D1D4AF41700A1187D /* BravePlayTests */,
				826D69381D4AF41700A1187D /* BravePlayUITests */,
			);
		};
/* End PBXProject section */

/* Begin PBXResourcesBuildPhase section */
		826D69151D4AF41700A1187D /* Resources */ = {
			isa = PBXResourcesBuildPhase;
			buildActionMask = 2147483647;
			files = (
				826D69571D4B14AB00A1187D /* SeciontTitleTableViewCell.xib in Resources */,
				826D69531D4AF9FC00A1187D /* InterestingTableViewCell.xib in Resources */,
				826D69601D4B266B00A1187D /* CustomCellCollectionViewCell.xib in Resources */,
				82FEA03D1D51FA5700EF8440 /* HeadDetailAcConsultTableViewCell.xib in Resources */,
				824E71C91D5421480067351D /* CustomButtonTableViewCell.xib in Resources */,
				826860911D597CBB0099670A /* OrderDetailTableViewCell.xib in Resources */,
				826860AC1D59DBD00099670A /* DetailForTvCommentTableViewCell.xib in Resources */,
				826D69281D4AF41700A1187D /* LaunchScreen.storyboard in Resources */,
				8263A46B1D4ED2F400298D96 /* BraveActiveTableViewCell.xib in Resources */,
				82FEA0391D51E84300EF8440 /* HeadDetalAcCustomTableViewCell.xib in Resources */,
				8263A4791D4EF26600298D96 /* CustomTableViewCell.xib in Resources */,
				82FEA0331D51DBAB00EF8440 /* HeadViewAcFirstSectionTableViewCell.xib in Resources */,
				824E71D01D5425910067351D /* ShareViewController.xib in Resources */,
				826D69251D4AF41700A1187D /* Assets.xcassets in Resources */,
				824E71DA1D544E3B0067351D /* ButTicketViewTableViewCell.xib in Resources */,
				82FAE7B61D50AC35006505DB /* BottomCollectionViewCell.xib in Resources */,
				8263A46F1D4EE6DC00298D96 /* BraveTVUITableViewCell.xib in Resources */,
				826860871D5960340099670A /* OrderDetailPayWaysTableViewCell.xib in Resources */,
				8268608D1D5969360099670A /* OrderDetailTicketNumberTableViewCell.xib in Resources */,
				826860B01D59E02C0099670A /* relatedRecommendTableViewCell.xib in Resources */,
				826860A01D59BF920099670A /* MoreDetailTitleTableViewCell.xib in Resources */,
				8268607F1D595A7B0099670A /* OrderDetailCellTitleTableViewCell.xib in Resources */,
				826860A81D59D8070099670A /* DetailForTvRecommendTableViewCell.xib in Resources */,
				826860831D595E1A0099670A /* OrderDetailContactTableViewCell.xib in Resources */,
				826D69201D4AF41700A1187D /* Main.storyboard in Resources */,
			);
			runOnlyForDeploymentPostprocessing = 0;
		};
		826D692C1D4AF41700A1187D /* Resources */ = {
			isa = PBXResourcesBuildPhase;
			buildActionMask = 2147483647;
			files = (
			);
			runOnlyForDeploymentPostprocessing = 0;
		};
		826D69371D4AF41700A1187D /* Resources */ = {
			isa = PBXResourcesBuildPhase;
			buildActionMask = 2147483647;
			files = (
			);
			runOnlyForDeploymentPostprocessing = 0;
		};
/* End PBXResourcesBuildPhase section */

/* Begin PBXShellScriptBuildPhase section */
		2A854AF3E3FC04ED1598510E /* Check Pods Manifest.lock */ = {
			isa = PBXShellScriptBuildPhase;
			buildActionMask = 2147483647;
			files = (
			);
			inputPaths = (
			);
			name = "Check Pods Manifest.lock";
			outputPaths = (
			);
			runOnlyForDeploymentPostprocessing = 0;
			shellPath = /bin/sh;
			shellScript = "diff \"${PODS_ROOT}/../Podfile.lock\" \"${PODS_ROOT}/Manifest.lock\" > /dev/null\nif [[ $? != 0 ]] ; then\n    cat << EOM\nerror: The sandbox is not in sync with the Podfile.lock. Run 'pod install' or update your CocoaPods installation.\nEOM\n    exit 1\nfi\n";
			showEnvVarsInLog = 0;
		};
		ACC9FD27845C21E867F9150B /* Copy Pods Resources */ = {
			isa = PBXShellScriptBuildPhase;
			buildActionMask = 2147483647;
			files = (
			);
			inputPaths = (
			);
			name = "Copy Pods Resources";
			outputPaths = (
			);
			runOnlyForDeploymentPostprocessing = 0;
			shellPath = /bin/sh;
			shellScript = "\"${SRCROOT}/Pods/Target Support Files/Pods-BravePlay/Pods-BravePlay-resources.sh\"\n";
			showEnvVarsInLog = 0;
		};
		EDA15D50F75B9BF8F6B93401 /* Embed Pods Frameworks */ = {
			isa = PBXShellScriptBuildPhase;
			buildActionMask = 2147483647;
			files = (
			);
			inputPaths = (
			);
			name = "Embed Pods Frameworks";
			outputPaths = (
			);
			runOnlyForDeploymentPostprocessing = 0;
			shellPath = /bin/sh;
			shellScript = "\"${SRCROOT}/Pods/Target Support Files/Pods-BravePlay/Pods-BravePlay-frameworks.sh\"\n";
			showEnvVarsInLog = 0;
		};
/* End PBXShellScriptBuildPhase section */

/* Begin PBXSourcesBuildPhase section */
		826D69131D4AF41700A1187D /* Sources */ = {
			isa = PBXSourcesBuildPhase;
			buildActionMask = 2147483647;
			files = (
				8263A46A1D4ED2F400298D96 /* BraveActiveTableViewCell.swift in Sources */,
				826D69561D4B14AB00A1187D /* SeciontTitleTableViewCell.swift in Sources */,
				82B0441C1D5DD1D40020F547 /* UserVCModel.swift in Sources */,
				8268609A1D59B63B0099670A /* MoreConsultViewController.swift in Sources */,
				8263A4781D4EF26600298D96 /* CustomTableViewCell.swift in Sources */,
				82FEA0321D51DBAB00EF8440 /* HeadViewAcFirstSectionTableViewCell.swift in Sources */,
				826D69521D4AF9FC00A1187D /* InterestingTableViewCell.swift in Sources */,
				82B044201D5DD6FB0020F547 /* UserVcHeadView.swift in Sources */,
				82FBA5121D5B117D00F1B09C /* PlayTvViewController.swift in Sources */,
				8268607E1D595A7B0099670A /* OrderDetailCellTitleTableViewCell.swift in Sources */,
				8273F8C71D5C83D60053D3A4 /* BottomView.swift in Sources */,
				8263A4821D4F500B00298D96 /* MainSectionMoya.swift in Sources */,
				826860AF1D59E02C0099670A /* relatedRecommendTableViewCell.swift in Sources */,
				82FBA50B1D5AC13500F1B09C /* HeadDetailModel.swift in Sources */,
				8268608C1D5969360099670A /* OrderDetailTicketNumberTableViewCell.swift in Sources */,
				826860AB1D59DBD00099670A /* DetailForTvCommentTableViewCell.swift in Sources */,
				8263A47E1D4F385400298D96 /* HeadViewDetailForVideoViewController.swift in Sources */,
				823A80C21D5D6EEC00EE302A /* WebTableViewCell.swift in Sources */,
				826860861D5960340099670A /* OrderDetailPayWaysTableViewCell.swift in Sources */,
				824E71D91D544E3B0067351D /* ButTicketViewTableViewCell.swift in Sources */,
				826860901D597CBB0099670A /* OrderDetailTableViewCell.swift in Sources */,
				826D694D1D4AF4CA00A1187D /* MainPageViewController.swift in Sources */,
				823A80C41D5D754000EE302A /* MoreDetailWebViewController.swift in Sources */,
				8241CE7E1D51BFDB00240803 /* HeadDetailAcCustomView.swift in Sources */,
				8263A46E1D4EE6DC00298D96 /* BraveTVUITableViewCell.swift in Sources */,
				824E71D21D5436640067351D /* ShareView.swift in Sources */,
				826D695F1D4B266B00A1187D /* CustomCellCollectionViewCell.swift in Sources */,
				8241CE761D5195A800240803 /* MoyaPares.swift in Sources */,
				826860A41D59CE460099670A /* DetailForTvCustomHeadView.swift in Sources */,
				824E71CF1D5425910067351D /* ShareViewController.swift in Sources */,
				8268609F1D59BF920099670A /* MoreDetailTitleTableViewCell.swift in Sources */,
				826D69231D4AF41700A1187D /* BravePlay.xcdatamodeld in Sources */,
				82FEA03C1D51FA5700EF8440 /* HeadDetailAcConsultTableViewCell.swift in Sources */,
				8263A47C1D4EFA1200298D96 /* HeadViewDetailViewController.swift in Sources */,
				826D695C1D4B238400A1187D /* CustomHeadView.swift in Sources */,
				82B52A8D1D5B353800E5FEAF /* PlayTv.swift in Sources */,
				826D691D1D4AF41700A1187D /* ViewController.swift in Sources */,
				824E71C81D5421480067351D /* CustomButtonTableViewCell.swift in Sources */,
				82553AA31D52D82E005150C8 /* HeadViewAcModel.swift in Sources */,
				82553AA51D52FBA1005150C8 /* MainVcConnectConfig.swift in Sources */,
				826D691B1D4AF41700A1187D /* AppDelegate.swift in Sources */,
				826860891D5962FE0099670A /* numberOfTicketsView.swift in Sources */,
				8263A4841D4F542500298D96 /* MainSectionModel.swift in Sources */,
				82553AAB1D531418005150C8 /* MainVcNetWork.swift in Sources */,
				824E71DD1D548AEA0067351D /* OrderDetailViewController.swift in Sources */,
				826860A71D59D8070099670A /* DetailForTvRecommendTableViewCell.swift in Sources */,
				8241CE781D51B05A00240803 /* HeadDetailAcCostomHeadView.swift in Sources */,
				82FAE7B51D50AC35006505DB /* BottomCollectionViewCell.swift in Sources */,
				826860821D595E1A0099670A /* OrderDetailContactTableViewCell.swift in Sources */,
				8241CE721D51827200240803 /* DealError.swift in Sources */,
				8273F8C51D5C6DF00053D3A4 /* Subtitles.swift in Sources */,
				82B0441E1D5DD67C0020F547 /* UserVcViewController.swift in Sources */,
				82FAE7B01D50597B006505DB /* ExtensionUIControl.swift in Sources */,
				824E71D41D544C780067351D /* BuyTicketView.swift in Sources */,
				82FEA0381D51E84300EF8440 /* HeadDetalAcCustomTableViewCell.swift in Sources */,
				82553AAD1D531683005150C8 /* MainVcPresentData.swift in Sources */,
				82B044191D5DADBB0020F547 /* CustomTitleView.swift in Sources */,
				8268609C1D59B6580099670A /* MoreDetailViewController.swift in Sources */,
				826860961D59ADB00099670A /* MapVCViewController.swift in Sources */,
			);
			runOnlyForDeploymentPostprocessing = 0;
		};
		826D692A1D4AF41700A1187D /* Sources */ = {
			isa = PBXSourcesBuildPhase;
			buildActionMask = 2147483647;
			files = (
				826D69331D4AF41700A1187D /* BravePlayTests.swift in Sources */,
			);
			runOnlyForDeploymentPostprocessing = 0;
		};
		826D69351D4AF41700A1187D /* Sources */ = {
			isa = PBXSourcesBuildPhase;
			buildActionMask = 2147483647;
			files = (
				826D693E1D4AF41700A1187D /* BravePlayUITests.swift in Sources */,
			);
			runOnlyForDeploymentPostprocessing = 0;
		};
/* End PBXSourcesBuildPhase section */

/* Begin PBXTargetDependency section */
		826D69301D4AF41700A1187D /* PBXTargetDependency */ = {
			isa = PBXTargetDependency;
			target = 826D69161D4AF41700A1187D /* BravePlay */;
			targetProxy = 826D692F1D4AF41700A1187D /* PBXContainerItemProxy */;
		};
		826D693B1D4AF41700A1187D /* PBXTargetDependency */ = {
			isa = PBXTargetDependency;
			target = 826D69161D4AF41700A1187D /* BravePlay */;
			targetProxy = 826D693A1D4AF41700A1187D /* PBXContainerItemProxy */;
		};
/* End PBXTargetDependency section */

/* Begin PBXVariantGroup section */
		826D691E1D4AF41700A1187D /* Main.storyboard */ = {
			isa = PBXVariantGroup;
			children = (
				826D691F1D4AF41700A1187D /* Base */,
			);
			name = Main.storyboard;
			sourceTree = "<group>";
		};
		826D69261D4AF41700A1187D /* LaunchScreen.storyboard */ = {
			isa = PBXVariantGroup;
			children = (
				826D69271D4AF41700A1187D /* Base */,
			);
			name = LaunchScreen.storyboard;
			sourceTree = "<group>";
		};
/* End PBXVariantGroup section */

/* Begin XCBuildConfiguration section */
		826D69401D4AF41700A1187D /* Debug */ = {
			isa = XCBuildConfiguration;
			buildSettings = {
				ALWAYS_SEARCH_USER_PATHS = NO;
				CLANG_ANALYZER_NONNULL = YES;
				CLANG_CXX_LANGUAGE_STANDARD = "gnu++0x";
				CLANG_CXX_LIBRARY = "libc++";
				CLANG_ENABLE_MODULES = YES;
				CLANG_ENABLE_OBJC_ARC = YES;
				CLANG_WARN_BOOL_CONVERSION = YES;
				CLANG_WARN_CONSTANT_CONVERSION = YES;
				CLANG_WARN_DIRECT_OBJC_ISA_USAGE = YES_ERROR;
				CLANG_WARN_EMPTY_BODY = YES;
				CLANG_WARN_ENUM_CONVERSION = YES;
				CLANG_WARN_INT_CONVERSION = YES;
				CLANG_WARN_OBJC_ROOT_CLASS = YES_ERROR;
				CLANG_WARN_UNREACHABLE_CODE = YES;
				CLANG_WARN__DUPLICATE_METHOD_MATCH = YES;
				"CODE_SIGN_IDENTITY[sdk=iphoneos*]" = "iPhone Developer";
				COPY_PHASE_STRIP = NO;
				DEBUG_INFORMATION_FORMAT = dwarf;
				ENABLE_STRICT_OBJC_MSGSEND = YES;
				ENABLE_TESTABILITY = YES;
				GCC_C_LANGUAGE_STANDARD = gnu99;
				GCC_DYNAMIC_NO_PIC = NO;
				GCC_NO_COMMON_BLOCKS = YES;
				GCC_OPTIMIZATION_LEVEL = 0;
				GCC_PREPROCESSOR_DEFINITIONS = (
					"DEBUG=1",
					"$(inherited)",
				);
				GCC_WARN_64_TO_32_BIT_CONVERSION = YES;
				GCC_WARN_ABOUT_RETURN_TYPE = YES_ERROR;
				GCC_WARN_UNDECLARED_SELECTOR = YES;
				GCC_WARN_UNINITIALIZED_AUTOS = YES_AGGRESSIVE;
				GCC_WARN_UNUSED_FUNCTION = YES;
				GCC_WARN_UNUSED_VARIABLE = YES;
				IPHONEOS_DEPLOYMENT_TARGET = 9.3;
				MTL_ENABLE_DEBUG_INFO = YES;
				ONLY_ACTIVE_ARCH = YES;
				SDKROOT = iphoneos;
				SWIFT_OPTIMIZATION_LEVEL = "-Onone";
				TARGETED_DEVICE_FAMILY = "1,2";
			};
			name = Debug;
		};
		826D69411D4AF41700A1187D /* Release */ = {
			isa = XCBuildConfiguration;
			buildSettings = {
				ALWAYS_SEARCH_USER_PATHS = NO;
				CLANG_ANALYZER_NONNULL = YES;
				CLANG_CXX_LANGUAGE_STANDARD = "gnu++0x";
				CLANG_CXX_LIBRARY = "libc++";
				CLANG_ENABLE_MODULES = YES;
				CLANG_ENABLE_OBJC_ARC = YES;
				CLANG_WARN_BOOL_CONVERSION = YES;
				CLANG_WARN_CONSTANT_CONVERSION = YES;
				CLANG_WARN_DIRECT_OBJC_ISA_USAGE = YES_ERROR;
				CLANG_WARN_EMPTY_BODY = YES;
				CLANG_WARN_ENUM_CONVERSION = YES;
				CLANG_WARN_INT_CONVERSION = YES;
				CLANG_WARN_OBJC_ROOT_CLASS = YES_ERROR;
				CLANG_WARN_UNREACHABLE_CODE = YES;
				CLANG_WARN__DUPLICATE_METHOD_MATCH = YES;
				"CODE_SIGN_IDENTITY[sdk=iphoneos*]" = "iPhone Developer";
				COPY_PHASE_STRIP = NO;
				DEBUG_INFORMATION_FORMAT = "dwarf-with-dsym";
				ENABLE_NS_ASSERTIONS = NO;
				ENABLE_STRICT_OBJC_MSGSEND = YES;
				GCC_C_LANGUAGE_STANDARD = gnu99;
				GCC_NO_COMMON_BLOCKS = YES;
				GCC_WARN_64_TO_32_BIT_CONVERSION = YES;
				GCC_WARN_ABOUT_RETURN_TYPE = YES_ERROR;
				GCC_WARN_UNDECLARED_SELECTOR = YES;
				GCC_WARN_UNINITIALIZED_AUTOS = YES_AGGRESSIVE;
				GCC_WARN_UNUSED_FUNCTION = YES;
				GCC_WARN_UNUSED_VARIABLE = YES;
				IPHONEOS_DEPLOYMENT_TARGET = 9.3;
				MTL_ENABLE_DEBUG_INFO = NO;
				SDKROOT = iphoneos;
				TARGETED_DEVICE_FAMILY = "1,2";
				VALIDATE_PRODUCT = YES;
			};
			name = Release;
		};
		826D69431D4AF41700A1187D /* Debug */ = {
			isa = XCBuildConfiguration;
			baseConfigurationReference = 343708C09E572DDDDF815A3C /* Pods-BravePlay.debug.xcconfig */;
			buildSettings = {
				ASSETCATALOG_COMPILER_APPICON_NAME = AppIcon;
				CODE_SIGN_IDENTITY = "iPhone Developer";
				"CODE_SIGN_IDENTITY[sdk=iphoneos*]" = "iPhone Developer";
				FRAMEWORK_SEARCH_PATHS = (
					"$(inherited)",
					"$(PROJECT_DIR)/BravePlay",
				);
				INFOPLIST_FILE = BravePlay/Info.plist;
				IPHONEOS_DEPLOYMENT_TARGET = 9.0;
				LD_RUNPATH_SEARCH_PATHS = "$(inherited) @executable_path/Frameworks";
				LIBRARY_SEARCH_PATHS = (
					"$(inherited)",
					"$(PROJECT_DIR)/BravePlay",
				);
				OTHER_LDFLAGS = (
					"$(inherited)",
					"-framework",
					"\"Alamofire\"",
					"-framework",
					"\"Moya\"",
					"-framework",
					"\"ObjectMapper\"",
					"-framework",
					"\"Result\"",
					"-framework",
					"\"SDWebImage\"",
					"-framework",
					"\"SVProgressHUD\"",
					"-ObjC",
					"-lz",
					"-framework",
					Reveal,
				);
				PRODUCT_BUNDLE_IDENTIFIER = Ysx.BravePlay;
				PRODUCT_NAME = "$(TARGET_NAME)";
				PROVISIONING_PROFILE = "";
			};
			name = Debug;
		};
		826D69441D4AF41700A1187D /* Release */ = {
			isa = XCBuildConfiguration;
			baseConfigurationReference = 63F440286B27C95A94001004 /* Pods-BravePlay.release.xcconfig */;
			buildSettings = {
				ASSETCATALOG_COMPILER_APPICON_NAME = AppIcon;
				CODE_SIGN_IDENTITY = "iPhone Developer";
				"CODE_SIGN_IDENTITY[sdk=iphoneos*]" = "iPhone Developer";
				FRAMEWORK_SEARCH_PATHS = (
					"$(inherited)",
					"$(PROJECT_DIR)/BravePlay",
				);
				INFOPLIST_FILE = BravePlay/Info.plist;
				IPHONEOS_DEPLOYMENT_TARGET = 9.0;
				LD_RUNPATH_SEARCH_PATHS = "$(inherited) @executable_path/Frameworks";
				LIBRARY_SEARCH_PATHS = (
					"$(inherited)",
					"$(PROJECT_DIR)/BravePlay",
				);
				OTHER_LDFLAGS = (
					"$(inherited)",
					"-framework",
					"\"Alamofire\"",
					"-framework",
					"\"Moya\"",
					"-framework",
					"\"ObjectMapper\"",
					"-framework",
					"\"Result\"",
					"-framework",
					"\"SDWebImage\"",
					"-framework",
					"\"SVProgressHUD\"",
					"-ObjC",
					"-lz",
					"-framework",
					Reveal,
				);
				PRODUCT_BUNDLE_IDENTIFIER = Ysx.BravePlay;
				PRODUCT_NAME = "$(TARGET_NAME)";
				PROVISIONING_PROFILE = "";
			};
			name = Release;
		};
		826D69461D4AF41700A1187D /* Debug */ = {
			isa = XCBuildConfiguration;
			buildSettings = {
				BUNDLE_LOADER = "$(TEST_HOST)";
				INFOPLIST_FILE = BravePlayTests/Info.plist;
				LD_RUNPATH_SEARCH_PATHS = "$(inherited) @executable_path/Frameworks @loader_path/Frameworks";
				PRODUCT_BUNDLE_IDENTIFIER = Ysx.BravePlayTests;
				PRODUCT_NAME = "$(TARGET_NAME)";
				TEST_HOST = "$(BUILT_PRODUCTS_DIR)/BravePlay.app/BravePlay";
			};
			name = Debug;
		};
		826D69471D4AF41700A1187D /* Release */ = {
			isa = XCBuildConfiguration;
			buildSettings = {
				BUNDLE_LOADER = "$(TEST_HOST)";
				INFOPLIST_FILE = BravePlayTests/Info.plist;
				LD_RUNPATH_SEARCH_PATHS = "$(inherited) @executable_path/Frameworks @loader_path/Frameworks";
				PRODUCT_BUNDLE_IDENTIFIER = Ysx.BravePlayTests;
				PRODUCT_NAME = "$(TARGET_NAME)";
				TEST_HOST = "$(BUILT_PRODUCTS_DIR)/BravePlay.app/BravePlay";
			};
			name = Release;
		};
		826D69491D4AF41700A1187D /* Debug */ = {
			isa = XCBuildConfiguration;
			buildSettings = {
				INFOPLIST_FILE = BravePlayUITests/Info.plist;
				LD_RUNPATH_SEARCH_PATHS = "$(inherited) @executable_path/Frameworks @loader_path/Frameworks";
				PRODUCT_BUNDLE_IDENTIFIER = Ysx.BravePlayUITests;
				PRODUCT_NAME = "$(TARGET_NAME)";
				TEST_TARGET_NAME = BravePlay;
			};
			name = Debug;
		};
		826D694A1D4AF41700A1187D /* Release */ = {
			isa = XCBuildConfiguration;
			buildSettings = {
				INFOPLIST_FILE = BravePlayUITests/Info.plist;
				LD_RUNPATH_SEARCH_PATHS = "$(inherited) @executable_path/Frameworks @loader_path/Frameworks";
				PRODUCT_BUNDLE_IDENTIFIER = Ysx.BravePlayUITests;
				PRODUCT_NAME = "$(TARGET_NAME)";
				TEST_TARGET_NAME = BravePlay;
			};
			name = Release;
		};
/* End XCBuildConfiguration section */

/* Begin XCConfigurationList section */
		826D69121D4AF41700A1187D /* Build configuration list for PBXProject "BravePlay" */ = {
			isa = XCConfigurationList;
			buildConfigurations = (
				826D69401D4AF41700A1187D /* Debug */,
				826D69411D4AF41700A1187D /* Release */,
			);
			defaultConfigurationIsVisible = 0;
			defaultConfigurationName = Release;
		};
		826D69421D4AF41700A1187D /* Build configuration list for PBXNativeTarget "BravePlay" */ = {
			isa = XCConfigurationList;
			buildConfigurations = (
				826D69431D4AF41700A1187D /* Debug */,
				826D69441D4AF41700A1187D /* Release */,
			);
			defaultConfigurationIsVisible = 0;
			defaultConfigurationName = Release;
		};
		826D69451D4AF41700A1187D /* Build configuration list for PBXNativeTarget "BravePlayTests" */ = {
			isa = XCConfigurationList;
			buildConfigurations = (
				826D69461D4AF41700A1187D /* Debug */,
				826D69471D4AF41700A1187D /* Release */,
			);
			defaultConfigurationIsVisible = 0;
			defaultConfigurationName = Release;
		};
		826D69481D4AF41700A1187D /* Build configuration list for PBXNativeTarget "BravePlayUITests" */ = {
			isa = XCConfigurationList;
			buildConfigurations = (
				826D69491D4AF41700A1187D /* Debug */,
				826D694A1D4AF41700A1187D /* Release */,
			);
			defaultConfigurationIsVisible = 0;
			defaultConfigurationName = Release;
		};
/* End XCConfigurationList section */

/* Begin XCVersionGroup section */
		826D69211D4AF41700A1187D /* BravePlay.xcdatamodeld */ = {
			isa = XCVersionGroup;
			children = (
				826D69221D4AF41700A1187D /* BravePlay.xcdatamodel */,
			);
			currentVersion = 826D69221D4AF41700A1187D /* BravePlay.xcdatamodel */;
			path = BravePlay.xcdatamodeld;
			sourceTree = "<group>";
			versionGroupType = wrapper.xcdatamodel;
		};
/* End XCVersionGroup section */
	};
	rootObject = 826D690F1D4AF41700A1187D /* Project object */;
}
